
Microsoft Visual Studio Solution File, Format Version 12.00
# Visual Studio Version 16
VisualStudioVersion = 16.0.30002.166
MinimumVisualStudioVersion = 10.0.40219.1
Project("{FAE04EC0-301F-11D3-BF4B-00C04F79EFBC}") = "SimpleNote", "SimpleNote\SimpleNote.csproj", "{8ADF4592-FB3D-494D-8759-2CCCBC60659D}"
EndProject
Global
	GlobalSection(SolutionConfigurationPlatforms) = preSolution
		Debug|Any CPU = Debug|Any CPU
		Release|Any CPU = Release|Any CPU
	EndGlobalSection
	GlobalSection(ProjectConfigurationPlatforms) = postSolution
		{8ADF4592-FB3D-494D-8759-2CCCBC60659D}.Debug|Any CPU.ActiveCfg = Debug|Any CPU
		{8ADF4592-FB3D-494D-8759-2CCCBC60659D}.Debug|Any CPU.Build.0 = Debug|Any CPU
		{8ADF4592-FB3D-494D-8759-2CCCBC60659D}.Release|Any CPU.ActiveCfg = Release|Any CPU
		{8ADF4592-FB3D-494D-8759-2CCCBC60659D}.Release|Any CPU.Build.0 = Release|Any CPU
	EndGlobalSection
	GlobalSection(SolutionProperties) = preSolution
		HideSolutionNode = FALSE
	EndGlobalSection
	GlobalSection(ExtensibilityGlobals) = postSolution
		SolutionGuid = {B1288C84-92C6-4193-92C7-F1E7CFD5A5B7}
	EndGlobalSection
EndGlobal
